# @generated by Move, please check-in and do not edit manually.

[move]
version = 3
manifest_digest = "D7BC7DAE261D570B2AC72D1A26721AE3C4ABED3A91EA0AFF67178267E561D059"
deps_digest = "3C4103934B1E040BB6B23F1D610B4EF9F2F1166A50A104EADCF77467C004C600"
dependencies = [
  { id = "DeepBook", name = "DeepBook" },
  { id = "Sui", name = "Sui" },
]

[[move.package]]
id = "DeepBook"
source = { git = "https://github.com/MystenLabs/sui.git", rev = "framework/devnet", subdir = "crates/sui-framework/packages/deepbook" }

dependencies = [
  { id = "MoveStdlib", name = "MoveStdlib" },
  { id = "Sui", name = "Sui" },
]

[[move.package]]
id = "MoveStdlib"
source = { git = "https://github.com/MystenLabs/sui.git", rev = "framework/devnet", subdir = "crates/sui-framework/packages/move-stdlib" }

[[move.package]]
id = "Sui"
source = { git = "https://github.com/MystenLabs/sui.git", rev = "framework/devnet", subdir = "crates/sui-framework/packages/sui-framework" }

dependencies = [
  { id = "MoveStdlib", name = "MoveStdlib" },
]

[move.toolchain-version]
compiler-version = "1.35.0"
edition = "2024.beta"
flavor = "sui"

[env]

[env.devnet]
chain-id = "af8ca69b"
original-published-id = "0xaa560785b56a1ec42f70c58fa8d7db71b4ba4e2add0b5d10090b294dda8fce0c"
latest-published-id = "0xaa560785b56a1ec42f70c58fa8d7db71b4ba4e2add0b5d10090b294dda8fce0c"
published-version = "1"
